
Microsoft Visual Studio Solution File, Format Version 12.00
# Visual Studio Version 17
VisualStudioVersion = 17.7.34221.43
MinimumVisualStudioVersion = 10.0.40219.1
Project("{FAE04EC0-301F-11D3-BF4B-00C04F79EFBC}") = "RomajiConverter.WinUI", "RomajiConverter.WinUI\RomajiConverter.WinUI.csproj", "{9923BF6E-729E-447A-A5DB-85E64154F8EB}"
EndProject
Global
	GlobalSection(SolutionConfigurationPlatforms) = preSolution
		Debug|ARM64 = Debug|ARM64
		Debug|x64 = Debug|x64
		Debug|x86 = Debug|x86
		Release|ARM64 = Release|ARM64
		Release|x64 = Release|x64
		Release|x86 = Release|x86
	EndGlobalSection
	GlobalSection(ProjectConfigurationPlatforms) = postSolution
		{9923BF6E-729E-447A-A5DB-85E64154F8EB}.Debug|ARM64.ActiveCfg = Debug|ARM64
		{9923BF6E-729E-447A-A5DB-85E64154F8EB}.Debug|ARM64.Build.0 = Debug|ARM64
		{9923BF6E-729E-447A-A5DB-85E64154F8EB}.Debug|ARM64.Deploy.0 = Debug|ARM64
		{9923BF6E-729E-447A-A5DB-85E64154F8EB}.Debug|x64.ActiveCfg = Debug|x64
		{9923BF6E-729E-447A-A5DB-85E64154F8EB}.Debug|x64.Build.0 = Debug|x64
		{9923BF6E-729E-447A-A5DB-85E64154F8EB}.Debug|x64.Deploy.0 = Debug|x64
		{9923BF6E-729E-447A-A5DB-85E64154F8EB}.Debug|x86.ActiveCfg = Debug|x86
		{9923BF6E-729E-447A-A5DB-85E64154F8EB}.Debug|x86.Build.0 = Debug|x86
		{9923BF6E-729E-447A-A5DB-85E64154F8EB}.Debug|x86.Deploy.0 = Debug|x86
		{9923BF6E-729E-447A-A5DB-85E64154F8EB}.Release|ARM64.ActiveCfg = Release|ARM64
		{9923BF6E-729E-447A-A5DB-85E64154F8EB}.Release|ARM64.Build.0 = Release|ARM64
		{9923BF6E-729E-447A-A5DB-85E64154F8EB}.Release|ARM64.Deploy.0 = Release|ARM64
		{9923BF6E-729E-447A-A5DB-85E64154F8EB}.Release|x64.ActiveCfg = Release|x64
		{9923BF6E-729E-447A-A5DB-85E64154F8EB}.Release|x64.Build.0 = Release|x64
		{9923BF6E-729E-447A-A5DB-85E64154F8EB}.Release|x64.Deploy.0 = Release|x64
		{9923BF6E-729E-447A-A5DB-85E64154F8EB}.Release|x86.ActiveCfg = Release|x86
		{9923BF6E-729E-447A-A5DB-85E64154F8EB}.Release|x86.Build.0 = Release|x86
		{9923BF6E-729E-447A-A5DB-85E64154F8EB}.Release|x86.Deploy.0 = Release|x86
	EndGlobalSection
	GlobalSection(SolutionProperties) = preSolution
		HideSolutionNode = FALSE
	EndGlobalSection
	GlobalSection(ExtensibilityGlobals) = postSolution
		SolutionGuid = {1327DD00-DDD7-41DE-83E0-8E3A4B24DAAA}
	EndGlobalSection
EndGlobal
