Microsoft Visual Studio Solution File, Format Version 12.00
# Visual Studio Version 17
VisualStudioVersion = 17.5.2.0
MinimumVisualStudioVersion = 10.0.40219.1
Project("{FAE04EC0-301F-11D3-BF4B-00C04F79EFBC}") = "RomajiConverter.WinUI", "RomajiConverter.WinUI.csproj", "{BE6EEA73-94EE-845D-A8C7-94D958218BC7}"
EndProject
Global
	GlobalSection(SolutionConfigurationPlatforms) = preSolution
		Debug|Any CPU = Debug|Any CPU
		Release|Any CPU = Release|Any CPU
	EndGlobalSection
	GlobalSection(ProjectConfigurationPlatforms) = postSolution
		{BE6EEA73-94EE-845D-A8C7-94D958218BC7}.Debug|Any CPU.ActiveCfg = Debug|Any CPU
		{BE6EEA73-94EE-845D-A8C7-94D958218BC7}.Debug|Any CPU.Build.0 = Debug|Any CPU
		{BE6EEA73-94EE-845D-A8C7-94D958218BC7}.Release|Any CPU.ActiveCfg = Release|Any CPU
		{BE6EEA73-94EE-845D-A8C7-94D958218BC7}.Release|Any CPU.Build.0 = Release|Any CPU
	EndGlobalSection
	GlobalSection(SolutionProperties) = preSolution
		HideSolutionNode = FALSE
	EndGlobalSection
	GlobalSection(ExtensibilityGlobals) = postSolution
		SolutionGuid = {B5926475-66B8-4F22-A494-6636E2C97B1C}
	EndGlobalSection
EndGlobal
